
Microsoft Visual Studio Solution File, Format Version 12.00
# Visual Studio 2015
Project("{FAE04EC0-301F-11D3-BF4B-00C04F79EFBC}") = "Roll-a-ball_Arduino", "Roll-a-ball_Arduino.csproj", "{9E6CD627-D49B-33E2-9CFA-6F135DC2D37B}"
EndProject
Global
	GlobalSection(SolutionConfigurationPlatforms) = preSolution
		Debug|Any CPU = Debug|Any CPU
		Release|Any CPU = Release|Any CPU
	EndGlobalSection
	GlobalSection(ProjectConfigurationPlatforms) = postSolution
		{9E6CD627-D49B-33E2-9CFA-6F135DC2D37B}.Debug|Any CPU.ActiveCfg = Debug|Any CPU
		{9E6CD627-D49B-33E2-9CFA-6F135DC2D37B}.Debug|Any CPU.Build.0 = Debug|Any CPU
		{9E6CD627-D49B-33E2-9CFA-6F135DC2D37B}.Release|Any CPU.ActiveCfg = Release|Any CPU
		{9E6CD627-D49B-33E2-9CFA-6F135DC2D37B}.Release|Any CPU.Build.0 = Release|Any CPU
	EndGlobalSection
	GlobalSection(SolutionProperties) = preSolution
		HideSolutionNode = FALSE
	EndGlobalSection
EndGlobal
